<Solution>
  <Configurations>
    <Platform Name="ARM64" />
    <Platform Name="x64" />
  </Configurations>
  <Project Path="PdfReader/PdfReader.csproj">
    <Platform Solution="*|ARM64" Project="ARM64" />
    <Platform Solution="*|x64" Project="x64" />
  </Project>
  <Project Path="PdfReader.Core/PdfReader.Core.csproj" />
  <Project Path="PdfReader.Tests/PdfReader.Tests.csproj" />
</Solution>
